
Microsoft Visual Studio Solution File, Format Version 12.00
# Visual Studio Version 17
VisualStudioVersion = 17.9.34622.214
MinimumVisualStudioVersion = 10.0.40219.1
Project("{FAE04EC0-301F-11D3-BF4B-00C04F79EFBC}") = "BankAccountNS", "BankAccountNS\BankAccountNS.csproj", "{183CE755-FEAE-4BA9-B75A-351A8F5E0F57}"
EndProject
Project("{FAE04EC0-301F-11D3-BF4B-00C04F79EFBC}") = "BankTests", "BankTests\BankTests.csproj", "{78128C11-8BF6-4B84-90A7-986BC3654948}"
EndProject
Global
	GlobalSection(SolutionConfigurationPlatforms) = preSolution
		Debug|Any CPU = Debug|Any CPU
		Release|Any CPU = Release|Any CPU
	EndGlobalSection
	GlobalSection(ProjectConfigurationPlatforms) = postSolution
		{183CE755-FEAE-4BA9-B75A-351A8F5E0F57}.Debug|Any CPU.ActiveCfg = Debug|Any CPU
		{183CE755-FEAE-4BA9-B75A-351A8F5E0F57}.Debug|Any CPU.Build.0 = Debug|Any CPU
		{183CE755-FEAE-4BA9-B75A-351A8F5E0F57}.Release|Any CPU.ActiveCfg = Release|Any CPU
		{183CE755-FEAE-4BA9-B75A-351A8F5E0F57}.Release|Any CPU.Build.0 = Release|Any CPU
		{78128C11-8BF6-4B84-90A7-986BC3654948}.Debug|Any CPU.ActiveCfg = Debug|Any CPU
		{78128C11-8BF6-4B84-90A7-986BC3654948}.Debug|Any CPU.Build.0 = Debug|Any CPU
		{78128C11-8BF6-4B84-90A7-986BC3654948}.Release|Any CPU.ActiveCfg = Release|Any CPU
		{78128C11-8BF6-4B84-90A7-986BC3654948}.Release|Any CPU.Build.0 = Release|Any CPU
	EndGlobalSection
	GlobalSection(SolutionProperties) = preSolution
		HideSolutionNode = FALSE
	EndGlobalSection
	GlobalSection(ExtensibilityGlobals) = postSolution
		SolutionGuid = {E6899AAC-0E68-44E4-8CDE-B3CF47B6CE29}
	EndGlobalSection
EndGlobal
