
Microsoft Visual Studio Solution File, Format Version 12.00
# Visual Studio Version 17
VisualStudioVersion = 17.13.35806.99 d17.13
MinimumVisualStudioVersion = 10.0.40219.1
Project("{FAE04EC0-301F-11D3-BF4B-00C04F79EFBC}") = "IntroductionToDelegatesDotNet", "IntroductionToDelegatesDotNet\IntroductionToDelegatesDotNet.csproj", "{1A34F603-95BA-4388-8049-4DF7738F1103}"
EndProject
Global
	GlobalSection(SolutionConfigurationPlatforms) = preSolution
		Debug|Any CPU = Debug|Any CPU
		Release|Any CPU = Release|Any CPU
	EndGlobalSection
	GlobalSection(ProjectConfigurationPlatforms) = postSolution
		{1A34F603-95BA-4388-8049-4DF7738F1103}.Debug|Any CPU.ActiveCfg = Debug|Any CPU
		{1A34F603-95BA-4388-8049-4DF7738F1103}.Debug|Any CPU.Build.0 = Debug|Any CPU
		{1A34F603-95BA-4388-8049-4DF7738F1103}.Release|Any CPU.ActiveCfg = Release|Any CPU
		{1A34F603-95BA-4388-8049-4DF7738F1103}.Release|Any CPU.Build.0 = Release|Any CPU
	EndGlobalSection
	GlobalSection(SolutionProperties) = preSolution
		HideSolutionNode = FALSE
	EndGlobalSection
	GlobalSection(ExtensibilityGlobals) = postSolution
		SolutionGuid = {62831AD4-8340-49E4-9A4D-F5D6E48868B5}
	EndGlobalSection
EndGlobal
